{
  "pins" : [
    {
      "identity" : "swift-snapshot-testing",
      "kind" : "remoteSourceControl",
      "location" : "https://github.com/pimms/swift-snapshot-testing",
      "state" : {
        "branch" : "main",
        "revision" : "b44b563e6ddc5a613a107fb57626047a7f1d4e1a"
      }
    }
  ],
  "version" : 2
}
